// !$*UTF8*$!
{
	archiveVersion = 1;
	classes = {
	};
	objectVersion = 50;
	objects = {

/* Begin PBXBuildFile section */
		CFDB555C20B55E3F0020140E /* AppDelegate.swift in Sources */ = {isa = PBXBuildFile; fileRef = CFDB555B20B55E3F0020140E /* AppDelegate.swift */; };
		CFDB555E20B55E3F0020140E /* ViewController.swift in Sources */ = {isa = PBXBuildFile; fileRef = CFDB555D20B55E3F0020140E /* ViewController.swift */; };
		CFDB556120B55E3F0020140E /* Main.storyboard in Resources */ = {isa = PBXBuildFile; fileRef = CFDB555F20B55E3F0020140E /* Main.storyboard */; };
		CFDB556320B55E400020140E /* Assets.xcassets in Resources */ = {isa = PBXBuildFile; fileRef = CFDB556220B55E400020140E /* Assets.xcassets */; };
		CFDB556620B55E400020140E /* LaunchScreen.storyboard in Resources */ = {isa = PBXBuildFile; fileRef = CFDB556420B55E400020140E /* LaunchScreen.storyboard */; };
		CFDB556E20B563B80020140E /* VideoLaucher.swift in Sources */ = {isa = PBXBuildFile; fileRef = CFDB556D20B563B80020140E /* VideoLaucher.swift */; };
/* End PBXBuildFile section */

/* Begin PBXFileReference section */
		CFDB555820B55E3F0020140E /* customVideo.app */ = {isa = PBXFileReference; explicitFileType = wrapper.application; includeInIndex = 0; path = customVideo.app; sourceTree = BUILT_PRODUCTS_DIR; };
		CFDB555B20B55E3F0020140E /* AppDelegate.swift */ = {isa = PBXFileReference; lastKnownFileType = sourcecode.swift; path = AppDelegate.swift; sourceTree = "<group>"; };
		CFDB555D20B55E3F0020140E /* ViewController.swift */ = {isa = PBXFileReference; lastKnownFileType = sourcecode.swift; path = ViewController.swift; sourceTree = "<group>"; };
		CFDB556020B55E3F0020140E /* Base */ = {isa = PBXFileReference; lastKnownFileType = file.storyboard; name = Base; path = Base.lproj/Main.storyboard; sourceTree = "<group>"; };
		CFDB556220B55E400020140E /* Assets.xcassets */ = {isa = PBXFileReference; lastKnownFileType = folder.assetcatalog; path = Assets.xcassets; sourceTree = "<group>"; };
		CFDB556520B55E400020140E /* Base */ = {isa = PBXFileReference; lastKnownFileType = file.storyboard; name = Base; path = Base.lproj/LaunchScreen.storyboard; sourceTree = "<group>"; };
		CFDB556720B55E400020140E /* Info.plist */ = {isa = PBXFileReference; lastKnownFileType = text.plist.xml; path = Info.plist; sourceTree = "<group>"; };
		CFDB556D20B563B80020140E /* VideoLaucher.swift */ = {isa = PBXFileReference; lastKnownFileType = sourcecode.swift; path = VideoLaucher.swift; sourceTree = "<group>"; };
/* End PBXFileReference section */

/* Begin PBXFrameworksBuildPhase section */
		CFDB555520B55E3F0020140E /* Frameworks */ = {
			isa = PBXFrameworksBuildPhase;
			buildActionMask = 2147483647;
			files = (
			);
			runOnlyForDeploymentPostprocessing = 0;
		};
/* End PBXFrameworksBuildPhase section */

/* Begin PBXGroup section */
		CFDB554F20B55E3F0020140E = {
			isa = PBXGroup;
			children = (
				CFDB555A20B55E3F0020140E /* customVideo */,
				CFDB555920B55E3F0020140E /* Products */,
			);
			sourceTree = "<group>";
		};
		CFDB555920B55E3F0020140E /* Products */ = {
			isa = PBXGroup;
			children = (
				CFDB555820B55E3F0020140E /* customVideo.app */,
			);
			name = Products;
			sourceTree = "<group>";
		};
		CFDB555A20B55E3F0020140E /* customVideo */ = {
			isa = PBXGroup;
			children = (
				CFDB555B20B55E3F0020140E /* AppDelegate.swift */,
				CFDB555D20B55E3F0020140E /* ViewController.swift */,
				CFDB556D20B563B80020140E /* VideoLaucher.swift */,
				CFDB555F20B55E3F0020140E /* Main.storyboard */,
				CFDB556220B55E400020140E /* Assets.xcassets */,
				CFDB556420B55E400020140E /* LaunchScreen.storyboard */,
				CFDB556720B55E400020140E /* Info.plist */,
			);
			path = customVideo;
			sourceTree = "<group>";
		};
/* End PBXGroup section */

/* Begin PBXNativeTarget section */
		CFDB555720B55E3F0020140E /* customVideo */ = {
			isa = PBXNativeTarget;
			buildConfigurationList = CFDB556A20B55E400020140E /* Build configuration list for PBXNativeTarget "customVideo" */;
			buildPhases = (
				CFDB555420B55E3F0020140E /* Sources */,
				CFDB555520B55E3F0020140E /* Frameworks */,
				CFDB555620B55E3F0020140E /* Resources */,
			);
			buildRules = (
			);
			dependencies = (
			);
			name = customVideo;
			productName = customVideo;
			productReference = CFDB555820B55E3F0020140E /* customVideo.app */;
			productType = "com.apple.product-type.application";
		};
/* End PBXNativeTarget section */

/* Begin PBXProject section */
		CFDB555020B55E3F0020140E /* Project object */ = {
			isa = PBXProject;
			attributes = {
				LastSwiftUpdateCheck = 0930;
				LastUpgradeCheck = 0930;
				ORGANIZATIONNAME = "Nguyen Duc Tai";
				TargetAttributes = {
					CFDB555720B55E3F0020140E = {
						CreatedOnToolsVersion = 9.3.1;
					};
				};
			};
			buildConfigurationList = CFDB555320B55E3F0020140E /* Build configuration list for PBXProject "customVideo" */;
			compatibilityVersion = "Xcode 9.3";
			developmentRegion = en;
			hasScannedForEncodings = 0;
			knownRegions = (
				en,
				Base,
			);
			mainGroup = CFDB554F20B55E3F0020140E;
			productRefGroup = CFDB555920B55E3F0020140E /* Products */;
			projectDirPath = "";
			projectRoot = "";
			targets = (
				CFDB555720B55E3F0020140E /* customVideo */,
			);
		};
/* End PBXProject section */

/* Begin PBXResourcesBuildPhase section */
		CFDB555620B55E3F0020140E /* Resources */ = {
			isa = PBXResourcesBuildPhase;
			buildActionMask = 2147483647;
			files = (
				CFDB556620B55E400020140E /* LaunchScreen.storyboard in Resources */,
				CFDB556320B55E400020140E /* Assets.xcassets in Resources */,
				CFDB556120B55E3F0020140E /* Main.storyboard in Resources */,
			);
			runOnlyForDeploymentPostprocessing = 0;
		};
/* End PBXResourcesBuildPhase section */

/* Begin PBXSourcesBuildPhase section */
		CFDB555420B55E3F0020140E /* Sources */ = {
			isa = PBXSourcesBuildPhase;
			buildActionMask = 2147483647;
			files = (
				CFDB555E20B55E3F0020140E /* ViewController.swift in Sources */,
				CFDB556E20B563B80020140E /* VideoLaucher.swift in Sources */,
				CFDB555C20B55E3F0020140E /* AppDelegate.swift in Sources */,
			);
			runOnlyForDeploymentPostprocessing = 0;
		};
/* End PBXSourcesBuildPhase section */

/* Begin PBXVariantGroup section */
		CFDB555F20B55E3F0020140E /* Main.storyboard */ = {
			isa = PBXVariantGroup;
			children = (
				CFDB556020B55E3F0020140E /* Base */,
			);
			name = Main.storyboard;
			sourceTree = "<group>";
		};
		CFDB556420B55E400020140E /* LaunchScreen.storyboard */ = {
			isa = PBXVariantGroup;
			children = (
				CFDB556520B55E400020140E /* Base */,
			);
			name = LaunchScreen.storyboard;
			sourceTree = "<group>";
		};
/* End PBXVariantGroup section */

/* Begin XCBuildConfiguration section */
		CFDB556820B55E400020140E /* Debug */ = {
			isa = XCBuildConfiguration;
			buildSettings = {
				ALWAYS_SEARCH_USER_PATHS = NO;
				CLANG_ANALYZER_NONNULL = YES;
				CLANG_ANALYZER_NUMBER_OBJECT_CONVERSION = YES_AGGRESSIVE;
				CLANG_CXX_LANGUAGE_STANDARD = "gnu++14";
				CLANG_CXX_LIBRARY = "libc++";
				CLANG_ENABLE_MODULES = YES;
				CLANG_ENABLE_OBJC_ARC = YES;
				CLANG_ENABLE_OBJC_WEAK = YES;
				CLANG_WARN_BLOCK_CAPTURE_AUTORELEASING = YES;
				CLANG_WARN_BOOL_CONVERSION = YES;
				CLANG_WARN_COMMA = YES;
				CLANG_WARN_CONSTANT_CONVERSION = YES;
				CLANG_WARN_DEPRECATED_OBJC_IMPLEMENTATIONS = YES;
				CLANG_WARN_DIRECT_OBJC_ISA_USAGE = YES_ERROR;
				CLANG_WARN_DOCUMENTATION_COMMENTS = YES;
				CLANG_WARN_EMPTY_BODY = YES;
				CLANG_WARN_ENUM_CONVERSION = YES;
				CLANG_WARN_INFINITE_RECURSION = YES;
				CLANG_WARN_INT_CONVERSION = YES;
				CLANG_WARN_NON_LITERAL_NULL_CONVERSION = YES;
				CLANG_WARN_OBJC_IMPLICIT_RETAIN_SELF = YES;
				CLANG_WARN_OBJC_LITERAL_CONVERSION = YES;
				CLANG_WARN_OBJC_ROOT_CLASS = YES_ERROR;
				CLANG_WARN_RANGE_LOOP_ANALYSIS = YES;
				CLANG_WARN_STRICT_PROTOTYPES = YES;
				CLANG_WARN_SUSPICIOUS_MOVE = YES;
				CLANG_WARN_UNGUARDED_AVAILABILITY = YES_AGGRESSIVE;
				CLANG_WARN_UNREACHABLE_CODE = YES;
				CLANG_WARN__DUPLICATE_METHOD_MATCH = YES;
				CODE_SIGN_IDENTITY = "iPhone Developer";
				COPY_PHASE_STRIP = NO;
				DEBUG_INFORMATION_FORMAT = dwarf;
				ENABLE_STRICT_OBJC_MSGSEND = YES;
				ENABLE_TESTABILITY = YES;
				GCC_C_LANGUAGE_STANDARD = gnu11;
				GCC_DYNAMIC_NO_PIC = NO;
				GCC_NO_COMMON_BLOCKS = YES;
				GCC_OPTIMIZATION_LEVEL = 0;
				GCC_PREPROCESSOR_DEFINITIONS = (
					"DEBUG=1",
					"$(inherited)",
				);
				GCC_WARN_64_TO_32_BIT_CONVERSION = YES;
				GCC_WARN_ABOUT_RETURN_TYPE = YES_ERROR;
				GCC_WARN_UNDECLARED_SELECTOR = YES;
				GCC_WARN_UNINITIALIZED_AUTOS = YES_AGGRESSIVE;
				GCC_WARN_UNUSED_FUNCTION = YES;
				GCC_WARN_UNUSED_VARIABLE = YES;
				IPHONEOS_DEPLOYMENT_TARGET = 11.3;
				MTL_ENABLE_DEBUG_INFO = YES;
				ONLY_ACTIVE_ARCH = YES;
				SDKROOT = iphoneos;
				SWIFT_ACTIVE_COMPILATION_CONDITIONS = DEBUG;
				SWIFT_OPTIMIZATION_LEVEL = "-Onone";
			};
			name = Debug;
		};
		CFDB556920B55E400020140E /* Release */ = {
			isa = XCBuildConfiguration;
			buildSettings = {
				ALWAYS_SEARCH_USER_PATHS = NO;
				CLANG_ANALYZER_NONNULL = YES;
				CLANG_ANALYZER_NUMBER_OBJECT_CONVERSION = YES_AGGRESSIVE;
				CLANG_CXX_LANGUAGE_STANDARD = "gnu++14";
				CLANG_CXX_LIBRARY = "libc++";
				CLANG_ENABLE_MODULES = YES;
				CLANG_ENABLE_OBJC_ARC = YES;
				CLANG_ENABLE_OBJC_WEAK = YES;
				CLANG_WARN_BLOCK_CAPTURE_AUTORELEASING = YES;
				CLANG_WARN_BOOL_CONVERSION = YES;
				CLANG_WARN_COMMA = YES;
				CLANG_WARN_CONSTANT_CONVERSION = YES;
				CLANG_WARN_DEPRECATED_OBJC_IMPLEMENTATIONS = YES;
				CLANG_WARN_DIRECT_OBJC_ISA_USAGE = YES_ERROR;
				CLANG_WARN_DOCUMENTATION_COMMENTS = YES;
				CLANG_WARN_EMPTY_BODY = YES;
				CLANG_WARN_ENUM_CONVERSION = YES;
				CLANG_WARN_INFINITE_RECURSION = YES;
				CLANG_WARN_INT_CONVERSION = YES;
				CLANG_WARN_NON_LITERAL_NULL_CONVERSION = YES;
				CLANG_WARN_OBJC_IMPLICIT_RETAIN_SELF = YES;
				CLANG_WARN_OBJC_LITERAL_CONVERSION = YES;
				CLANG_WARN_OBJC_ROOT_CLASS = YES_ERROR;
				CLANG_WARN_RANGE_LOOP_ANALYSIS = YES;
				CLANG_WARN_STRICT_PROTOTYPES = YES;
				CLANG_WARN_SUSPICIOUS_MOVE = YES;
				CLANG_WARN_UNGUARDED_AVAILABILITY = YES_AGGRESSIVE;
				CLANG_WARN_UNREACHABLE_CODE = YES;
				CLANG_WARN__DUPLICATE_METHOD_MATCH = YES;
				CODE_SIGN_IDENTITY = "iPhone Developer";
				COPY_PHASE_STRIP = NO;
				DEBUG_INFORMATION_FORMAT = "dwarf-with-dsym";
				ENABLE_NS_ASSERTIONS = NO;
				ENABLE_STRICT_OBJC_MSGSEND = YES;
				GCC_C_LANGUAGE_STANDARD = gnu11;
				GCC_NO_COMMON_BLOCKS = YES;
				GCC_WARN_64_TO_32_BIT_CONVERSION = YES;
				GCC_WARN_ABOUT_RETURN_TYPE = YES_ERROR;
				GCC_WARN_UNDECLARED_SELECTOR = YES;
				GCC_WARN_UNINITIALIZED_AUTOS = YES_AGGRESSIVE;
				GCC_WARN_UNUSED_FUNCTION = YES;
				GCC_WARN_UNUSED_VARIABLE = YES;
				IPHONEOS_DEPLOYMENT_TARGET = 11.3;
				MTL_ENABLE_DEBUG_INFO = NO;
				SDKROOT = iphoneos;
				SWIFT_COMPILATION_MODE = wholemodule;
				SWIFT_OPTIMIZATION_LEVEL = "-O";
				VALIDATE_PRODUCT = YES;
			};
			name = Release;
		};
		CFDB556B20B55E400020140E /* Debug */ = {
			isa = XCBuildConfiguration;
			buildSettings = {
				ASSETCATALOG_COMPILER_APPICON_NAME = AppIcon;
				CODE_SIGN_STYLE = Automatic;
				DEVELOPMENT_TEAM = B24EEZ8S3G;
				INFOPLIST_FILE = customVideo/Info.plist;
				LD_RUNPATH_SEARCH_PATHS = (
					"$(inherited)",
					"@executable_path/Frameworks",
				);
				PRODUCT_BUNDLE_IDENTIFIER = com.NguyenDucTai.customVideo;
				PRODUCT_NAME = "$(TARGET_NAME)";
				SWIFT_VERSION = 4.0;
				TARGETED_DEVICE_FAMILY = "1,2";
			};
			name = Debug;
		};
		CFDB556C20B55E400020140E /* Release */ = {
			isa = XCBuildConfiguration;
			buildSettings = {
				ASSETCATALOG_COMPILER_APPICON_NAME = AppIcon;
				CODE_SIGN_STYLE = Automatic;
				DEVELOPMENT_TEAM = B24EEZ8S3G;
				INFOPLIST_FILE = customVideo/Info.plist;
				LD_RUNPATH_SEARCH_PATHS = (
					"$(inherited)",
					"@executable_path/Frameworks",
				);
				PRODUCT_BUNDLE_IDENTIFIER = com.NguyenDucTai.customVideo;
				PRODUCT_NAME = "$(TARGET_NAME)";
				SWIFT_VERSION = 4.0;
				TARGETED_DEVICE_FAMILY = "1,2";
			};
			name = Release;
		};
/* End XCBuildConfiguration section */

/* Begin XCConfigurationList section */
		CFDB555320B55E3F0020140E /* Build configuration list for PBXProject "customVideo" */ = {
			isa = XCConfigurationList;
			buildConfigurations = (
				CFDB556820B55E400020140E /* Debug */,
				CFDB556920B55E400020140E /* Release */,
			);
			defaultConfigurationIsVisible = 0;
			defaultConfigurationName = Release;
		};
		CFDB556A20B55E400020140E /* Build configuration list for PBXNativeTarget "customVideo" */ = {
			isa = XCConfigurationList;
			buildConfigurations = (
				CFDB556B20B55E400020140E /* Debug */,
				CFDB556C20B55E400020140E /* Release */,
			);
			defaultConfigurationIsVisible = 0;
			defaultConfigurationName = Release;
		};
/* End XCConfigurationList section */
	};
	rootObject = CFDB555020B55E3F0020140E /* Project object */;
}
